{
  "name": "True-RNG",
  "lockfileVersion": 2,
  "requires": true,
  "packages": {
    "": {
      "devDependencies": {
        "@league-of-foundry-developers/foundry-vtt-types": "^0.7.9-6",
        "@types/node": "^14.14.37"
      }
    },
    "node_modules/@league-of-foundry-developers/foundry-vtt-types": {
      "version": "0.7.9-6",
      "resolved": "https://registry.npmjs.org/@league-of-foundry-developers/foundry-vtt-types/-/foundry-vtt-types-0.7.9-6.tgz",
      "integrity": "sha512-NdLNuzLGTCU8fA94JLUiOHrAMlE8NOa2YA2wc+Q27ljf+ZFPxjhwnp80e8uUryQI4CNb+O0ldPpTXnSAz7AAKA==",
      "dev": true,
      "dependencies": {
        "@types/howler": "2.2.1",
        "@types/jquery": "3.5.1",
        "@types/socket.io-client": "^1.4.33",
        "handlebars": "4.7.6",
        "pixi-particles": "^4.3.0",
        "pixi.js": "5.3.4",
        "tinymce": "5.6.2",
        "typescript": "^4.1.4"
      }
    },
    "node_modules/@pixi/accessibility": {
      "version": "5.3.4",
      "resolved": "https://registry.npmjs.org/@pixi/accessibility/-/accessibility-5.3.4.tgz",
      "integrity": "sha512-g8hQnnVSYJ+gLrdQyCsDDSu+VehhVL9Pcr2fkQSC9VBhxiMIN+Paky8kOxC2LL5nsKRIUGGaTa6iHtiopPQQMw==",
      "dev": true,
      "dependencies": {
        "@pixi/core": "5.3.4",
        "@pixi/display": "5.3.4",
        "@pixi/utils": "5.3.4"
      }
    },
    "node_modules/@pixi/app": {
      "version": "5.3.4",
      "resolved": "https://registry.npmjs.org/@pixi/app/-/app-5.3.4.tgz",
      "integrity": "sha512-XT/EFyGslFdvdHY9ZS7yDAdLOj0U1UHeLxFr1kwiawuwIt/WsxNeH4jq2IijvZuQ3L5ON7Y7zQf54JEPv5fK0Q==",
      "dev": true,
      "dependencies": {
        "@pixi/core": "5.3.4",
        "@pixi/display": "5.3.4"
      }
    },
    "node_modules/@pixi/constants": {
      "version": "5.3.4",
      "resolved": "https://registry.npmjs.org/@pixi/constants/-/constants-5.3.4.tgz",
      "integrity": "sha512-YsWjdMVMoJA8kG/0D4s9/DWWa2lPlexk0qNZOcV3tICaPG0IYfIhepfveMeMhIb0QrdSAsPbhYdcaxxgoaNF1A==",
      "dev": true
    },
    "node_modules/@pixi/core": {
      "version": "5.3.4",
      "resolved": "https://registry.npmjs.org/@pixi/core/-/core-5.3.4.tgz",
      "integrity": "sha512-k6SRniy4pH7ZKAKC2HkbLSKPm+j7bF17fTO5+6xLSiVqLnfa7ChV51wNuoa30olVF3/d8ME2uraf7dsvXwomzw==",
      "dev": true,
      "dependencies": {
        "@pixi/constants": "5.3.4",
        "@pixi/math": "5.3.4",
        "@pixi/runner": "5.3.4",
        "@pixi/settings": "5.3.4",
        "@pixi/ticker": "5.3.4",
        "@pixi/utils": "5.3.4"
      },
      "funding": {
        "type": "opencollective",
        "url": "https://opencollective.com/pixijs"
      }
    },
    "node_modules/@pixi/display": {
      "version": "5.3.4",
      "resolved": "https://registry.npmjs.org/@pixi/display/-/display-5.3.4.tgz",
      "integrity": "sha512-RCi39Qi1L8mlIu1YvWvPI45WpKHRbpYlvSIT/414wmoaAoFZnaJ+qoVuqDCfzfNhWWirGAWpXniQjNRzkUZjcA==",
      "dev": true,
      "dependencies": {
        "@pixi/math": "5.3.4",
        "@pixi/settings": "5.3.4",
        "@pixi/utils": "5.3.4"
      }
    },
    "node_modules/@pixi/extract": {
      "version": "5.3.4",
      "resolved": "https://registry.npmjs.org/@pixi/extract/-/extract-5.3.4.tgz",
      "integrity": "sha512-HTGF5WKts4kF0v1rOU4YcLMUpb18FzcxKhaCwjXpqm3vANgjuGAUL9PxpmC4ecS03mkRa0+9vAXEUkJLQeNLPg==",
      "dev": true,
      "dependencies": {
        "@pixi/core": "5.3.4",
        "@pixi/math": "5.3.4",
        "@pixi/utils": "5.3.4"
      }
    },
    "node_modules/@pixi/filter-alpha": {
      "version": "5.3.4",
      "resolved": "https://registry.npmjs.org/@pixi/filter-alpha/-/filter-alpha-5.3.4.tgz",
      "integrity": "sha512-lgRCN8bDeHlMpRtQv/P5gCJ+9e3AufJVC2H0TdkCRmJqm1dB+rhKwxIeNINsjjz+kiuumOe88CxRbRd3CpEydg==",
      "dev": true,
      "dependencies": {
        "@pixi/core": "5.3.4"
      }
    },
    "node_modules/@pixi/filter-blur": {
      "version": "5.3.4",
      "resolved": "https://registry.npmjs.org/@pixi/filter-blur/-/filter-blur-5.3.4.tgz",
      "integrity": "sha512-PYPHc8MEsZWfmVQkm0UKO70dmZpcWyu/Bs0xJa5apsmCm6zXNzXfMh02lsXu82HrNQ+9iJT/mAKrrDABGn9vtg==",
      "dev": true,
      "dependencies": {
        "@pixi/core": "5.3.4",
        "@pixi/settings": "5.3.4"
      }
    },
    "node_modules/@pixi/filter-color-matrix": {
      "version": "5.3.4",
      "resolved": "https://registry.npmjs.org/@pixi/filter-color-matrix/-/filter-color-matrix-5.3.4.tgz",
      "integrity": "sha512-9Iflvr1moc7ns5A/73lWVwLUbe+wb678NLA4X9SYXAJTiij4M1isDrULhk95TGUaWo4bbSBaov1vm8XbUZNG8w==",
      "dev": true,
      "dependencies": {
        "@pixi/core": "5.3.4"
      }
    },
    "node_modules/@pixi/filter-displacement": {
      "version": "5.3.4",
      "resolved": "https://registry.npmjs.org/@pixi/filter-displacement/-/filter-displacement-5.3.4.tgz",
      "integrity": "sha512-CldemXpcKr1GRT1Ll33TTFWtU6KDl4sYTvAwWTAEu8OhKedobBB/mRCIK9p1h7iZYtaj5MRYQjewmFKRrqyXrQ==",
      "dev": true,
      "dependencies": {
        "@pixi/core": "5.3.4",
        "@pixi/math": "5.3.4"
      }
    },
    "node_modules/@pixi/filter-fxaa": {
      "version": "5.3.4",
      "resolved": "https://registry.npmjs.org/@pixi/filter-fxaa/-/filter-fxaa-5.3.4.tgz",
      "integrity": "sha512-GtIfaOsqQlsK+F1795V/JJIq5Uu15nasiCwGr+wVwHNGMBanAXt7AnSy8JHcgup3Eqx8FXRuM/AyD/4IYUquuA==",
      "dev": true,
      "dependencies": {
        "@pixi/core": "5.3.4"
      }
    },
    "node_modules/@pixi/filter-noise": {
      "version": "5.3.4",
      "resolved": "https://registry.npmjs.org/@pixi/filter-noise/-/filter-noise-5.3.4.tgz",
      "integrity": "sha512-pNq4T4LC2naWz0pZXF3RT9aA7XdLL4TuBjJsYrrBaJZraupbOo6Mp8VwxVJs8GThmMl7/U13GalOzVSb/HjzDg==",
      "dev": true,
      "dependencies": {
        "@pixi/core": "5.3.4"
      }
    },
    "node_modules/@pixi/graphics": {
      "version": "5.3.4",
      "resolved": "https://registry.npmjs.org/@pixi/graphics/-/graphics-5.3.4.tgz",
      "integrity": "sha512-W6cuFfzwgfx3zVFICu98cENgwjy+d2e6xNJ/yJI0q8QiwlZmpuSXHBCfZrtIWpp9VSJZe2KDIo1LUnLhCpp3Yg==",
      "dev": true,
      "dependencies": {
        "@pixi/constants": "5.3.4",
        "@pixi/core": "5.3.4",
        "@pixi/display": "5.3.4",
        "@pixi/math": "5.3.4",
        "@pixi/sprite": "5.3.4",
        "@pixi/utils": "5.3.4"
      }
    },
    "node_modules/@pixi/interaction": {
      "version": "5.3.4",
      "resolved": "https://registry.npmjs.org/@pixi/interaction/-/interaction-5.3.4.tgz",
      "integrity": "sha512-7/JN7AtCuYmmWczrQROKSI9Z42p6C6p7B2wDVqNYYgROSaeGbGsZ8H0sa6nYLnIj4F3CaGSRoRnAMPz+CO70bw==",
      "dev": true,
      "dependencies": {
        "@pixi/core": "5.3.4",
        "@pixi/display": "5.3.4",
        "@pixi/math": "5.3.4",
        "@pixi/ticker": "5.3.4",
        "@pixi/utils": "5.3.4"
      }
    },
    "node_modules/@pixi/loaders": {
      "version": "5.3.4",
      "resolved": "https://registry.npmjs.org/@pixi/loaders/-/loaders-5.3.4.tgz",
      "integrity": "sha512-/dFznZnsivzq/MW7n/PPhMeznWFMMDYrac958OlxzSwrEAgtq6ZVLZbz7pCf9uhiifMnqwBGefphOFubj3Qorw==",
      "dev": true,
      "dependencies": {
        "@pixi/core": "5.3.4",
        "@pixi/utils": "5.3.4",
        "resource-loader": "^3.0.1"
      }
    },
    "node_modules/@pixi/math": {
      "version": "5.3.4",
      "resolved": "https://registry.npmjs.org/@pixi/math/-/math-5.3.4.tgz",
      "integrity": "sha512-UQ2jhdlCHIvAVf8EcHB3QuR5GhB49VdTccWmer96RZCeGkcZsPSUk1ldO1GZnIctcf0Iuvmq74G02dYbtC7JxQ==",
      "dev": true
    },
    "node_modules/@pixi/mesh": {
      "version": "5.3.4",
      "resolved": "https://registry.npmjs.org/@pixi/mesh/-/mesh-5.3.4.tgz",
      "integrity": "sha512-y0Y52cwsqETc/35DMGVCzQmhPCrQ3ZhjWcW9JwQoHMy3PoNSN9QUqYjVjF2oEj5hxcJnGNo3GAXFZz2Uh/UReQ==",
      "dev": true,
      "dependencies": {
        "@pixi/constants": "5.3.4",
        "@pixi/core": "5.3.4",
        "@pixi/display": "5.3.4",
        "@pixi/math": "5.3.4",
        "@pixi/settings": "5.3.4",
        "@pixi/utils": "5.3.4"
      }
    },
    "node_modules/@pixi/mesh-extras": {
      "version": "5.3.4",
      "resolved": "https://registry.npmjs.org/@pixi/mesh-extras/-/mesh-extras-5.3.4.tgz",
      "integrity": "sha512-mjc3RlgLGYUv2FUKrVv/Dfaj2KW5qhX9c6Ev+yJ4lg/sMblet5gtYuyKsmJMS/K6B8V8+oMlTfX9ozFCzq1oJQ==",
      "dev": true,
      "dependencies": {
        "@pixi/constants": "5.3.4",
        "@pixi/core": "5.3.4",
        "@pixi/math": "5.3.4",
        "@pixi/mesh": "5.3.4",
        "@pixi/utils": "5.3.4"
      }
    },
    "node_modules/@pixi/mixin-cache-as-bitmap": {
      "version": "5.3.4",
      "resolved": "https://registry.npmjs.org/@pixi/mixin-cache-as-bitmap/-/mixin-cache-as-bitmap-5.3.4.tgz",
      "integrity": "sha512-8ZAmzDK1fHXIzYFHFH72LUMRZerY1Pt71XI3UgsWExABS1aREe20oPLuVByLP94W7X/kTXz+zK+nt51O5MGKsA==",
      "dev": true,
      "dependencies": {
        "@pixi/core": "5.3.4",
        "@pixi/display": "5.3.4",
        "@pixi/math": "5.3.4",
        "@pixi/settings": "5.3.4",
        "@pixi/sprite": "5.3.4",
        "@pixi/utils": "5.3.4"
      }
    },
    "node_modules/@pixi/mixin-get-child-by-name": {
      "version": "5.3.4",
      "resolved": "https://registry.npmjs.org/@pixi/mixin-get-child-by-name/-/mixin-get-child-by-name-5.3.4.tgz",
      "integrity": "sha512-PY1Qe6CKYu+UNSRAFIfRyhRfkrpsTMwh9sI6iXVVi712bM3JkZIwDfDF31TA4nYX8z7H49w+KCWY4PejZ8l2WA==",
      "dev": true,
      "dependencies": {
        "@pixi/display": "5.3.4"
      }
    },
    "node_modules/@pixi/mixin-get-global-position": {
      "version": "5.3.4",
      "resolved": "https://registry.npmjs.org/@pixi/mixin-get-global-position/-/mixin-get-global-position-5.3.4.tgz",
      "integrity": "sha512-yv+huwUAOfyXDEHbQp6W5/3RjQpwG6AhpgMY4b3XBMtvrp9R/5Wgw/YC/nea9kZ3Gb2u4Aqeco8U+tPIRNjeIA==",
      "dev": true,
      "dependencies": {
        "@pixi/display": "5.3.4",
        "@pixi/math": "5.3.4"
      }
    },
    "node_modules/@pixi/particles": {
      "version": "5.3.4",
      "resolved": "https://registry.npmjs.org/@pixi/particles/-/particles-5.3.4.tgz",
      "integrity": "sha512-sX0BGGbS7yCwlam1mC5awW2BjU7QFmZv82E8ON/r9aAZS6InT25zOpMdvy0ImIIqBvF0Z1Qz1IT6pKEBxqMo9Q==",
      "dev": true,
      "dependencies": {
        "@pixi/constants": "5.3.4",
        "@pixi/core": "5.3.4",
        "@pixi/display": "5.3.4",
        "@pixi/math": "5.3.4",
        "@pixi/utils": "5.3.4"
      }
    },
    "node_modules/@pixi/polyfill": {
      "version": "5.3.4",
      "resolved": "https://registry.npmjs.org/@pixi/polyfill/-/polyfill-5.3.4.tgz",
      "integrity": "sha512-bxk8bhrfQ9Y2rU/L0ss2gIeXwmMlOciw+B5yVUDVLqzjE4y8Fm2619L4qu9v51Z9a+8JbyVE5c1eT7HJgx0g0w==",
      "dev": true,
      "dependencies": {
        "es6-promise-polyfill": "^1.2.0",
        "object-assign": "^4.1.1"
      }
    },
    "node_modules/@pixi/prepare": {
      "version": "5.3.4",
      "resolved": "https://registry.npmjs.org/@pixi/prepare/-/prepare-5.3.4.tgz",
      "integrity": "sha512-MVMvNTrNYQidWXd4LSkgv+eqTzHtSViADA+Tvnemy9QMuWqbTfxFn4UMhrBjQIfG9+hwdIFS14pfFKt/BLHNrw==",
      "dev": true,
      "dependencies": {
        "@pixi/core": "5.3.4",
        "@pixi/display": "5.3.4",
        "@pixi/graphics": "5.3.4",
        "@pixi/settings": "5.3.4",
        "@pixi/text": "5.3.4",
        "@pixi/ticker": "5.3.4"
      }
    },
    "node_modules/@pixi/runner": {
      "version": "5.3.4",
      "resolved": "https://registry.npmjs.org/@pixi/runner/-/runner-5.3.4.tgz",
      "integrity": "sha512-iPWHVhv2js+NhDQNmePkHfic8SilBT7H/pzRjMqHqvafTdl8Y+4g+hdQDalZJNr3Ixl77QPAYlOKhegBujn2mQ==",
      "dev": true
    },
    "node_modules/@pixi/settings": {
      "version": "5.3.4",
      "resolved": "https://registry.npmjs.org/@pixi/settings/-/settings-5.3.4.tgz",
      "integrity": "sha512-Jqj1NLtYODCqK8ZKVccUBAaBDkn7SQ6b7N15FwxbiSgfbvwpynSKr6WQTxqMq29h42MKsic6BJcQrlGEbDNz5w==",
      "dev": true,
      "dependencies": {
        "ismobilejs": "^1.1.0"
      }
    },
    "node_modules/@pixi/sprite": {
      "version": "5.3.4",
      "resolved": "https://registry.npmjs.org/@pixi/sprite/-/sprite-5.3.4.tgz",
      "integrity": "sha512-vO+GMJWnumnVzc2R7jGcLlUeIXIek+SDqVQyPDPJ5T8sWTgFhanHCrgpKfplZIu08X/zvIZQxPfd332R0waeog==",
      "dev": true,
      "dependencies": {
        "@pixi/constants": "5.3.4",
        "@pixi/core": "5.3.4",
        "@pixi/display": "5.3.4",
        "@pixi/math": "5.3.4",
        "@pixi/settings": "5.3.4",
        "@pixi/utils": "5.3.4"
      }
    },
    "node_modules/@pixi/sprite-animated": {
      "version": "5.3.4",
      "resolved": "https://registry.npmjs.org/@pixi/sprite-animated/-/sprite-animated-5.3.4.tgz",
      "integrity": "sha512-HaTelbvm2xekw9b9GdYbupM2RZ/muRZvstkmSqMZhiIViZekzKPa5WQJwnqZzVBjCg735j09G8aF4H2NpNqF9g==",
      "dev": true,
      "dependencies": {
        "@pixi/core": "5.3.4",
        "@pixi/sprite": "5.3.4",
        "@pixi/ticker": "5.3.4"
      }
    },
    "node_modules/@pixi/sprite-tiling": {
      "version": "5.3.4",
      "resolved": "https://registry.npmjs.org/@pixi/sprite-tiling/-/sprite-tiling-5.3.4.tgz",
      "integrity": "sha512-NMqpNuWEIic2n5EL/TrGmn1+bab4TwxcILnco4myvw9Sd/wLsaJx3XboegY7YCWCKhnl+Ax6cl8DMkk7OJkpJQ==",
      "dev": true,
      "dependencies": {
        "@pixi/constants": "5.3.4",
        "@pixi/core": "5.3.4",
        "@pixi/display": "5.3.4",
        "@pixi/math": "5.3.4",
        "@pixi/sprite": "5.3.4",
        "@pixi/utils": "5.3.4"
      }
    },
    "node_modules/@pixi/spritesheet": {
      "version": "5.3.4",
      "resolved": "https://registry.npmjs.org/@pixi/spritesheet/-/spritesheet-5.3.4.tgz",
      "integrity": "sha512-gfCqOMD2XJHw1bMXxXbuYPnBbCBUvbzMN7Pw2po7U5R6bsk7WEoG7Hp3HjAPyPQvg36v2Db6dcz0//ZNNqm+EQ==",
      "dev": true,
      "dependencies": {
        "@pixi/core": "5.3.4",
        "@pixi/loaders": "5.3.4",
        "@pixi/math": "5.3.4",
        "@pixi/utils": "5.3.4"
      }
    },
    "node_modules/@pixi/text": {
      "version": "5.3.4",
      "resolved": "https://registry.npmjs.org/@pixi/text/-/text-5.3.4.tgz",
      "integrity": "sha512-kmdK1KLrWY8PHGIIXKVRQmik3gWquiYz6DB0jqabi3j0gVp6h+CVDje01N6Nl75ZCQ/PjaWafzQvURypfX73ng==",
      "dev": true,
      "dependencies": {
        "@pixi/core": "5.3.4",
        "@pixi/math": "5.3.4",
        "@pixi/settings": "5.3.4",
        "@pixi/sprite": "5.3.4",
        "@pixi/utils": "5.3.4"
      }
    },
    "node_modules/@pixi/text-bitmap": {
      "version": "5.3.4",
      "resolved": "https://registry.npmjs.org/@pixi/text-bitmap/-/text-bitmap-5.3.4.tgz",
      "integrity": "sha512-uNJOYvy3sn0S5Bp6H113ZAmaQm68ojCXSuOBJzIMEV2cUuYLngW+7DqKOsHMMhNmcONs/OBq57SRrzDcr8WYdw==",
      "dev": true,
      "dependencies": {
        "@pixi/core": "5.3.4",
        "@pixi/display": "5.3.4",
        "@pixi/loaders": "5.3.4",
        "@pixi/math": "5.3.4",
        "@pixi/mesh": "5.3.4",
        "@pixi/settings": "5.3.4",
        "@pixi/text": "5.3.4",
        "@pixi/utils": "5.3.4"
      }
    },
    "node_modules/@pixi/ticker": {
      "version": "5.3.4",
      "resolved": "https://registry.npmjs.org/@pixi/ticker/-/ticker-5.3.4.tgz",
      "integrity": "sha512-PmCAstgyI6vLPXKZVFlo4Zornry21BwFiTOp1dBUW3sIMky9Wx2fajjyVHIridCY6yaazt6Xu37khZf5qRgASw==",
      "dev": true,
      "dependencies": {
        "@pixi/settings": "5.3.4"
      }
    },
    "node_modules/@pixi/utils": {
      "version": "5.3.4",
      "resolved": "https://registry.npmjs.org/@pixi/utils/-/utils-5.3.4.tgz",
      "integrity": "sha512-HjUWFfAmPPKX0BSq20GWY//Vm+gC9O+wcn9sXMqOItCuf0DDFwxoBrUVaHNNnEVhM1Djpz/+YijCijmGdZeddA==",
      "dev": true,
      "dependencies": {
        "@pixi/constants": "5.3.4",
        "@pixi/settings": "5.3.4",
        "earcut": "^2.1.5",
        "eventemitter3": "^3.1.0",
        "url": "^0.11.0"
      }
    },
    "node_modules/@types/howler": {
      "version": "2.2.1",
      "resolved": "https://registry.npmjs.org/@types/howler/-/howler-2.2.1.tgz",
      "integrity": "sha512-1MiSldngr+eAO4lDPtjzl4Nf2GmRh8VDHIpNBIkyd25L22JExVlI6w3fjSM7+FNc1e1WZAPNq7/flkw685byfg==",
      "dev": true
    },
    "node_modules/@types/jquery": {
      "version": "3.5.1",
      "resolved": "https://registry.npmjs.org/@types/jquery/-/jquery-3.5.1.tgz",
      "integrity": "sha512-Tyctjh56U7eX2b9udu3wG853ASYP0uagChJcQJXLUXEU6C/JiW5qt5dl8ao01VRj1i5pgXPAf8f1mq4+FDLRQg==",
      "dev": true,
      "dependencies": {
        "@types/sizzle": "*"
      }
    },
    "node_modules/@types/node": {
      "version": "14.14.37",
      "resolved": "https://registry.npmjs.org/@types/node/-/node-14.14.37.tgz",
      "integrity": "sha512-XYmBiy+ohOR4Lh5jE379fV2IU+6Jn4g5qASinhitfyO71b/sCo6MKsMLF5tc7Zf2CE8hViVQyYSobJNke8OvUw==",
      "dev": true
    },
    "node_modules/@types/sizzle": {
      "version": "2.3.2",
      "resolved": "https://registry.npmjs.org/@types/sizzle/-/sizzle-2.3.2.tgz",
      "integrity": "sha512-7EJYyKTL7tFR8+gDbB6Wwz/arpGa0Mywk1TJbNzKzHtzbwVmY4HR9WqS5VV7dsBUKQmPNr192jHr/VpBluj/hg==",
      "dev": true
    },
    "node_modules/@types/socket.io-client": {
      "version": "1.4.36",
      "resolved": "https://registry.npmjs.org/@types/socket.io-client/-/socket.io-client-1.4.36.tgz",
      "integrity": "sha512-ZJWjtFBeBy1kRSYpVbeGYTElf6BqPQUkXDlHHD4k/42byCN5Rh027f4yARHCink9sKAkbtGZXEAmR0ZCnc2/Ag==",
      "dev": true
    },
    "node_modules/earcut": {
      "version": "2.2.2",
      "resolved": "https://registry.npmjs.org/earcut/-/earcut-2.2.2.tgz",
      "integrity": "sha512-eZoZPPJcUHnfRZ0PjLvx2qBordSiO8ofC3vt+qACLM95u+4DovnbYNpQtJh0DNsWj8RnxrQytD4WA8gj5cRIaQ==",
      "dev": true
    },
    "node_modules/es6-promise-polyfill": {
      "version": "1.2.0",
      "resolved": "https://registry.npmjs.org/es6-promise-polyfill/-/es6-promise-polyfill-1.2.0.tgz",
      "integrity": "sha1-84kl8jyz4+jObNqP93T867sJDN4=",
      "dev": true
    },
    "node_modules/eventemitter3": {
      "version": "3.1.2",
      "resolved": "https://registry.npmjs.org/eventemitter3/-/eventemitter3-3.1.2.tgz",
      "integrity": "sha512-tvtQIeLVHjDkJYnzf2dgVMxfuSGJeM/7UCG17TT4EumTfNtF+0nebF/4zWOIkCreAbtNqhGEboB6BWrwqNaw4Q==",
      "dev": true
    },
    "node_modules/handlebars": {
      "version": "4.7.6",
      "resolved": "https://registry.npmjs.org/handlebars/-/handlebars-4.7.6.tgz",
      "integrity": "sha512-1f2BACcBfiwAfStCKZNrUCgqNZkGsAT7UM3kkYtXuLo0KnaVfjKOyf7PRzB6++aK9STyT1Pd2ZCPe3EGOXleXA==",
      "dev": true,
      "dependencies": {
        "minimist": "^1.2.5",
        "neo-async": "^2.6.0",
        "source-map": "^0.6.1",
        "uglify-js": "^3.1.4",
        "wordwrap": "^1.0.0"
      },
      "bin": {
        "handlebars": "bin/handlebars"
      },
      "engines": {
        "node": ">=0.4.7"
      },
      "optionalDependencies": {
        "uglify-js": "^3.1.4"
      }
    },
    "node_modules/ismobilejs": {
      "version": "1.1.1",
      "resolved": "https://registry.npmjs.org/ismobilejs/-/ismobilejs-1.1.1.tgz",
      "integrity": "sha512-VaFW53yt8QO61k2WJui0dHf4SlL8lxBofUuUmwBo0ljPk0Drz2TiuDW4jo3wDcv41qy/SxrJ+VAzJ/qYqsmzRw==",
      "dev": true
    },
    "node_modules/mini-signals": {
      "version": "1.2.0",
      "resolved": "https://registry.npmjs.org/mini-signals/-/mini-signals-1.2.0.tgz",
      "integrity": "sha1-RbCAE8X65RokqhqTXNMXye1yHXQ=",
      "dev": true
    },
    "node_modules/minimist": {
      "version": "1.2.5",
      "resolved": "https://registry.npmjs.org/minimist/-/minimist-1.2.5.tgz",
      "integrity": "sha512-FM9nNUYrRBAELZQT3xeZQ7fmMOBg6nWNmJKTcgsJeaLstP/UODVpGsr5OhXhhXg6f+qtJ8uiZ+PUxkDWcgIXLw==",
      "dev": true
    },
    "node_modules/neo-async": {
      "version": "2.6.2",
      "resolved": "https://registry.npmjs.org/neo-async/-/neo-async-2.6.2.tgz",
      "integrity": "sha512-Yd3UES5mWCSqR+qNT93S3UoYUkqAZ9lLg8a7g9rimsWmYGK8cVToA4/sF3RrshdyV3sAGMXVUmpMYOw+dLpOuw==",
      "dev": true
    },
    "node_modules/object-assign": {
      "version": "4.1.1",
      "resolved": "https://registry.npmjs.org/object-assign/-/object-assign-4.1.1.tgz",
      "integrity": "sha1-IQmtx5ZYh8/AXLvUQsrIv7s2CGM=",
      "dev": true,
      "engines": {
        "node": ">=0.10.0"
      }
    },
    "node_modules/parse-uri": {
      "version": "1.0.3",
      "resolved": "https://registry.npmjs.org/parse-uri/-/parse-uri-1.0.3.tgz",
      "integrity": "sha512-upMnGxNcm+45So85HoguwZTVZI9u11i36DdxJfGF2HYWS2eh3TIx7+/tTi7qrEq15qzGkVhsKjesau+kCk48pA==",
      "dev": true,
      "engines": {
        "node": ">= 0.10"
      }
    },
    "node_modules/pixi-particles": {
      "version": "4.3.0",
      "resolved": "https://registry.npmjs.org/pixi-particles/-/pixi-particles-4.3.0.tgz",
      "integrity": "sha512-3G66vSFMbp+LnD3P6SYIxOo3f1X3yxkPbP1Tr2o+o18ZkkT6mePpCvsPUrM8s+xCW7oK816/wDYZXMtKzJ61CQ==",
      "dev": true,
      "peerDependencies": {
        "pixi.js": ">=4.0.0"
      }
    },
    "node_modules/pixi.js": {
      "version": "5.3.4",
      "resolved": "https://registry.npmjs.org/pixi.js/-/pixi.js-5.3.4.tgz",
      "integrity": "sha512-CrAaQQRw+iTA75IEu57CEk6stFs587iWE3HwQG0rZL2ESW2uJvdsF/ieeS/hFk35QmlEsPRqmH1sf7t7FGtsyw==",
      "dev": true,
      "dependencies": {
        "@pixi/accessibility": "5.3.4",
        "@pixi/app": "5.3.4",
        "@pixi/constants": "5.3.4",
        "@pixi/core": "5.3.4",
        "@pixi/display": "5.3.4",
        "@pixi/extract": "5.3.4",
        "@pixi/filter-alpha": "5.3.4",
        "@pixi/filter-blur": "5.3.4",
        "@pixi/filter-color-matrix": "5.3.4",
        "@pixi/filter-displacement": "5.3.4",
        "@pixi/filter-fxaa": "5.3.4",
        "@pixi/filter-noise": "5.3.4",
        "@pixi/graphics": "5.3.4",
        "@pixi/interaction": "5.3.4",
        "@pixi/loaders": "5.3.4",
        "@pixi/math": "5.3.4",
        "@pixi/mesh": "5.3.4",
        "@pixi/mesh-extras": "5.3.4",
        "@pixi/mixin-cache-as-bitmap": "5.3.4",
        "@pixi/mixin-get-child-by-name": "5.3.4",
        "@pixi/mixin-get-global-position": "5.3.4",
        "@pixi/particles": "5.3.4",
        "@pixi/polyfill": "5.3.4",
        "@pixi/prepare": "5.3.4",
        "@pixi/runner": "5.3.4",
        "@pixi/settings": "5.3.4",
        "@pixi/sprite": "5.3.4",
        "@pixi/sprite-animated": "5.3.4",
        "@pixi/sprite-tiling": "5.3.4",
        "@pixi/spritesheet": "5.3.4",
        "@pixi/text": "5.3.4",
        "@pixi/text-bitmap": "5.3.4",
        "@pixi/ticker": "5.3.4",
        "@pixi/utils": "5.3.4"
      },
      "funding": {
        "type": "opencollective",
        "url": "https://opencollective.com/pixijs"
      }
    },
    "node_modules/punycode": {
      "version": "1.3.2",
      "resolved": "https://registry.npmjs.org/punycode/-/punycode-1.3.2.tgz",
      "integrity": "sha1-llOgNvt8HuQjQvIyXM7v6jkmxI0=",
      "dev": true
    },
    "node_modules/querystring": {
      "version": "0.2.0",
      "resolved": "https://registry.npmjs.org/querystring/-/querystring-0.2.0.tgz",
      "integrity": "sha1-sgmEkgO7Jd+CDadW50cAWHhSFiA=",
      "dev": true,
      "engines": {
        "node": ">=0.4.x"
      }
    },
    "node_modules/resource-loader": {
      "version": "3.0.1",
      "resolved": "https://registry.npmjs.org/resource-loader/-/resource-loader-3.0.1.tgz",
      "integrity": "sha512-fBuCRbEHdLCI1eglzQhUv9Rrdcmqkydr1r6uHE2cYHvRBrcLXeSmbE/qI/urFt8rPr/IGxir3BUwM5kUK8XoyA==",
      "dev": true,
      "dependencies": {
        "mini-signals": "^1.2.0",
        "parse-uri": "^1.0.0"
      }
    },
    "node_modules/source-map": {
      "version": "0.6.1",
      "resolved": "https://registry.npmjs.org/source-map/-/source-map-0.6.1.tgz",
      "integrity": "sha512-UjgapumWlbMhkBgzT7Ykc5YXUT46F0iKu8SGXq0bcwP5dz/h0Plj6enJqjz1Zbq2l5WaqYnrVbwWOWMyF3F47g==",
      "dev": true,
      "engines": {
        "node": ">=0.10.0"
      }
    },
    "node_modules/tinymce": {
      "version": "5.6.2",
      "resolved": "https://registry.npmjs.org/tinymce/-/tinymce-5.6.2.tgz",
      "integrity": "sha512-z7zvM5seOPiW86/vqf08kStwW5Zs5U9oQfuqh2rTj4jEcT2QzxT0v72i2zw3W6rbTLldkAej6edFZphj5ee5zg==",
      "dev": true
    },
    "node_modules/typescript": {
      "version": "4.2.4",
      "resolved": "https://registry.npmjs.org/typescript/-/typescript-4.2.4.tgz",
      "integrity": "sha512-V+evlYHZnQkaz8TRBuxTA92yZBPotr5H+WhQ7bD3hZUndx5tGOa1fuCgeSjxAzM1RiN5IzvadIXTVefuuwZCRg==",
      "dev": true,
      "bin": {
        "tsc": "bin/tsc",
        "tsserver": "bin/tsserver"
      },
      "engines": {
        "node": ">=4.2.0"
      }
    },
    "node_modules/uglify-js": {
      "version": "3.13.3",
      "resolved": "https://registry.npmjs.org/uglify-js/-/uglify-js-3.13.3.tgz",
      "integrity": "sha512-otIc7O9LyxpUcQoXzj2hL4LPWKklO6LJWoJUzNa8A17Xgi4fOeDC8FBDOLHnC/Slo1CQgsZMcM6as0M76BZaig==",
      "dev": true,
      "optional": true,
      "bin": {
        "uglifyjs": "bin/uglifyjs"
      },
      "engines": {
        "node": ">=0.8.0"
      }
    },
    "node_modules/url": {
      "version": "0.11.0",
      "resolved": "https://registry.npmjs.org/url/-/url-0.11.0.tgz",
      "integrity": "sha1-ODjpfPxgUh63PFJajlW/3Z4uKPE=",
      "dev": true,
      "dependencies": {
        "punycode": "1.3.2",
        "querystring": "0.2.0"
      }
    },
    "node_modules/wordwrap": {
      "version": "1.0.0",
      "resolved": "https://registry.npmjs.org/wordwrap/-/wordwrap-1.0.0.tgz",
      "integrity": "sha1-J1hIEIkUVqQXHI0CJkQa3pDLyus=",
      "dev": true
    }
  },
  "dependencies": {
    "@league-of-foundry-developers/foundry-vtt-types": {
      "version": "0.7.9-6",
      "resolved": "https://registry.npmjs.org/@league-of-foundry-developers/foundry-vtt-types/-/foundry-vtt-types-0.7.9-6.tgz",
      "integrity": "sha512-NdLNuzLGTCU8fA94JLUiOHrAMlE8NOa2YA2wc+Q27ljf+ZFPxjhwnp80e8uUryQI4CNb+O0ldPpTXnSAz7AAKA==",
      "dev": true,
      "requires": {
        "@types/howler": "2.2.1",
        "@types/jquery": "3.5.1",
        "@types/socket.io-client": "^1.4.33",
        "handlebars": "4.7.6",
        "pixi-particles": "^4.3.0",
        "pixi.js": "5.3.4",
        "tinymce": "5.6.2",
        "typescript": "^4.1.4"
      }
    },
    "@pixi/accessibility": {
      "version": "5.3.4",
      "resolved": "https://registry.npmjs.org/@pixi/accessibility/-/accessibility-5.3.4.tgz",
      "integrity": "sha512-g8hQnnVSYJ+gLrdQyCsDDSu+VehhVL9Pcr2fkQSC9VBhxiMIN+Paky8kOxC2LL5nsKRIUGGaTa6iHtiopPQQMw==",
      "dev": true,
      "requires": {
        "@pixi/core": "5.3.4",
        "@pixi/display": "5.3.4",
        "@pixi/utils": "5.3.4"
      }
    },
    "@pixi/app": {
      "version": "5.3.4",
      "resolved": "https://registry.npmjs.org/@pixi/app/-/app-5.3.4.tgz",
      "integrity": "sha512-XT/EFyGslFdvdHY9ZS7yDAdLOj0U1UHeLxFr1kwiawuwIt/WsxNeH4jq2IijvZuQ3L5ON7Y7zQf54JEPv5fK0Q==",
      "dev": true,
      "requires": {
        "@pixi/core": "5.3.4",
        "@pixi/display": "5.3.4"
      }
    },
    "@pixi/constants": {
      "version": "5.3.4",
      "resolved": "https://registry.npmjs.org/@pixi/constants/-/constants-5.3.4.tgz",
      "integrity": "sha512-YsWjdMVMoJA8kG/0D4s9/DWWa2lPlexk0qNZOcV3tICaPG0IYfIhepfveMeMhIb0QrdSAsPbhYdcaxxgoaNF1A==",
      "dev": true
    },
    "@pixi/core": {
      "version": "5.3.4",
      "resolved": "https://registry.npmjs.org/@pixi/core/-/core-5.3.4.tgz",
      "integrity": "sha512-k6SRniy4pH7ZKAKC2HkbLSKPm+j7bF17fTO5+6xLSiVqLnfa7ChV51wNuoa30olVF3/d8ME2uraf7dsvXwomzw==",
      "dev": true,
      "requires": {
        "@pixi/constants": "5.3.4",
        "@pixi/math": "5.3.4",
        "@pixi/runner": "5.3.4",
        "@pixi/settings": "5.3.4",
        "@pixi/ticker": "5.3.4",
        "@pixi/utils": "5.3.4"
      }
    },
    "@pixi/display": {
      "version": "5.3.4",
      "resolved": "https://registry.npmjs.org/@pixi/display/-/display-5.3.4.tgz",
      "integrity": "sha512-RCi39Qi1L8mlIu1YvWvPI45WpKHRbpYlvSIT/414wmoaAoFZnaJ+qoVuqDCfzfNhWWirGAWpXniQjNRzkUZjcA==",
      "dev": true,
      "requires": {
        "@pixi/math": "5.3.4",
        "@pixi/settings": "5.3.4",
        "@pixi/utils": "5.3.4"
      }
    },
    "@pixi/extract": {
      "version": "5.3.4",
      "resolved": "https://registry.npmjs.org/@pixi/extract/-/extract-5.3.4.tgz",
      "integrity": "sha512-HTGF5WKts4kF0v1rOU4YcLMUpb18FzcxKhaCwjXpqm3vANgjuGAUL9PxpmC4ecS03mkRa0+9vAXEUkJLQeNLPg==",
      "dev": true,
      "requires": {
        "@pixi/core": "5.3.4",
        "@pixi/math": "5.3.4",
        "@pixi/utils": "5.3.4"
      }
    },
    "@pixi/filter-alpha": {
      "version": "5.3.4",
      "resolved": "https://registry.npmjs.org/@pixi/filter-alpha/-/filter-alpha-5.3.4.tgz",
      "integrity": "sha512-lgRCN8bDeHlMpRtQv/P5gCJ+9e3AufJVC2H0TdkCRmJqm1dB+rhKwxIeNINsjjz+kiuumOe88CxRbRd3CpEydg==",
      "dev": true,
      "requires": {
        "@pixi/core": "5.3.4"
      }
    },
    "@pixi/filter-blur": {
      "version": "5.3.4",
      "resolved": "https://registry.npmjs.org/@pixi/filter-blur/-/filter-blur-5.3.4.tgz",
      "integrity": "sha512-PYPHc8MEsZWfmVQkm0UKO70dmZpcWyu/Bs0xJa5apsmCm6zXNzXfMh02lsXu82HrNQ+9iJT/mAKrrDABGn9vtg==",
      "dev": true,
      "requires": {
        "@pixi/core": "5.3.4",
        "@pixi/settings": "5.3.4"
      }
    },
    "@pixi/filter-color-matrix": {
      "version": "5.3.4",
      "resolved": "https://registry.npmjs.org/@pixi/filter-color-matrix/-/filter-color-matrix-5.3.4.tgz",
      "integrity": "sha512-9Iflvr1moc7ns5A/73lWVwLUbe+wb678NLA4X9SYXAJTiij4M1isDrULhk95TGUaWo4bbSBaov1vm8XbUZNG8w==",
      "dev": true,
      "requires": {
        "@pixi/core": "5.3.4"
      }
    },
    "@pixi/filter-displacement": {
      "version": "5.3.4",
      "resolved": "https://registry.npmjs.org/@pixi/filter-displacement/-/filter-displacement-5.3.4.tgz",
      "integrity": "sha512-CldemXpcKr1GRT1Ll33TTFWtU6KDl4sYTvAwWTAEu8OhKedobBB/mRCIK9p1h7iZYtaj5MRYQjewmFKRrqyXrQ==",
      "dev": true,
      "requires": {
        "@pixi/core": "5.3.4",
        "@pixi/math": "5.3.4"
      }
    },
    "@pixi/filter-fxaa": {
      "version": "5.3.4",
      "resolved": "https://registry.npmjs.org/@pixi/filter-fxaa/-/filter-fxaa-5.3.4.tgz",
      "integrity": "sha512-GtIfaOsqQlsK+F1795V/JJIq5Uu15nasiCwGr+wVwHNGMBanAXt7AnSy8JHcgup3Eqx8FXRuM/AyD/4IYUquuA==",
      "dev": true,
      "requires": {
        "@pixi/core": "5.3.4"
      }
    },
    "@pixi/filter-noise": {
      "version": "5.3.4",
      "resolved": "https://registry.npmjs.org/@pixi/filter-noise/-/filter-noise-5.3.4.tgz",
      "integrity": "sha512-pNq4T4LC2naWz0pZXF3RT9aA7XdLL4TuBjJsYrrBaJZraupbOo6Mp8VwxVJs8GThmMl7/U13GalOzVSb/HjzDg==",
      "dev": true,
      "requires": {
        "@pixi/core": "5.3.4"
      }
    },
    "@pixi/graphics": {
      "version": "5.3.4",
      "resolved": "https://registry.npmjs.org/@pixi/graphics/-/graphics-5.3.4.tgz",
      "integrity": "sha512-W6cuFfzwgfx3zVFICu98cENgwjy+d2e6xNJ/yJI0q8QiwlZmpuSXHBCfZrtIWpp9VSJZe2KDIo1LUnLhCpp3Yg==",
      "dev": true,
      "requires": {
        "@pixi/constants": "5.3.4",
        "@pixi/core": "5.3.4",
        "@pixi/display": "5.3.4",
        "@pixi/math": "5.3.4",
        "@pixi/sprite": "5.3.4",
        "@pixi/utils": "5.3.4"
      }
    },
    "@pixi/interaction": {
      "version": "5.3.4",
      "resolved": "https://registry.npmjs.org/@pixi/interaction/-/interaction-5.3.4.tgz",
      "integrity": "sha512-7/JN7AtCuYmmWczrQROKSI9Z42p6C6p7B2wDVqNYYgROSaeGbGsZ8H0sa6nYLnIj4F3CaGSRoRnAMPz+CO70bw==",
      "dev": true,
      "requires": {
        "@pixi/core": "5.3.4",
        "@pixi/display": "5.3.4",
        "@pixi/math": "5.3.4",
        "@pixi/ticker": "5.3.4",
        "@pixi/utils": "5.3.4"
      }
    },
    "@pixi/loaders": {
      "version": "5.3.4",
      "resolved": "https://registry.npmjs.org/@pixi/loaders/-/loaders-5.3.4.tgz",
      "integrity": "sha512-/dFznZnsivzq/MW7n/PPhMeznWFMMDYrac958OlxzSwrEAgtq6ZVLZbz7pCf9uhiifMnqwBGefphOFubj3Qorw==",
      "dev": true,
      "requires": {
        "@pixi/core": "5.3.4",
        "@pixi/utils": "5.3.4",
        "resource-loader": "^3.0.1"
      }
    },
    "@pixi/math": {
      "version": "5.3.4",
      "resolved": "https://registry.npmjs.org/@pixi/math/-/math-5.3.4.tgz",
      "integrity": "sha512-UQ2jhdlCHIvAVf8EcHB3QuR5GhB49VdTccWmer96RZCeGkcZsPSUk1ldO1GZnIctcf0Iuvmq74G02dYbtC7JxQ==",
      "dev": true
    },
    "@pixi/mesh": {
      "version": "5.3.4",
      "resolved": "https://registry.npmjs.org/@pixi/mesh/-/mesh-5.3.4.tgz",
      "integrity": "sha512-y0Y52cwsqETc/35DMGVCzQmhPCrQ3ZhjWcW9JwQoHMy3PoNSN9QUqYjVjF2oEj5hxcJnGNo3GAXFZz2Uh/UReQ==",
      "dev": true,
      "requires": {
        "@pixi/constants": "5.3.4",
        "@pixi/core": "5.3.4",
        "@pixi/display": "5.3.4",
        "@pixi/math": "5.3.4",
        "@pixi/settings": "5.3.4",
        "@pixi/utils": "5.3.4"
      }
    },
    "@pixi/mesh-extras": {
      "version": "5.3.4",
      "resolved": "https://registry.npmjs.org/@pixi/mesh-extras/-/mesh-extras-5.3.4.tgz",
      "integrity": "sha512-mjc3RlgLGYUv2FUKrVv/Dfaj2KW5qhX9c6Ev+yJ4lg/sMblet5gtYuyKsmJMS/K6B8V8+oMlTfX9ozFCzq1oJQ==",
      "dev": true,
      "requires": {
        "@pixi/constants": "5.3.4",
        "@pixi/core": "5.3.4",
        "@pixi/math": "5.3.4",
        "@pixi/mesh": "5.3.4",
        "@pixi/utils": "5.3.4"
      }
    },
    "@pixi/mixin-cache-as-bitmap": {
      "version": "5.3.4",
      "resolved": "https://registry.npmjs.org/@pixi/mixin-cache-as-bitmap/-/mixin-cache-as-bitmap-5.3.4.tgz",
      "integrity": "sha512-8ZAmzDK1fHXIzYFHFH72LUMRZerY1Pt71XI3UgsWExABS1aREe20oPLuVByLP94W7X/kTXz+zK+nt51O5MGKsA==",
      "dev": true,
      "requires": {
        "@pixi/core": "5.3.4",
        "@pixi/display": "5.3.4",
        "@pixi/math": "5.3.4",
        "@pixi/settings": "5.3.4",
        "@pixi/sprite": "5.3.4",
        "@pixi/utils": "5.3.4"
      }
    },
    "@pixi/mixin-get-child-by-name": {
      "version": "5.3.4",
      "resolved": "https://registry.npmjs.org/@pixi/mixin-get-child-by-name/-/mixin-get-child-by-name-5.3.4.tgz",
      "integrity": "sha512-PY1Qe6CKYu+UNSRAFIfRyhRfkrpsTMwh9sI6iXVVi712bM3JkZIwDfDF31TA4nYX8z7H49w+KCWY4PejZ8l2WA==",
      "dev": true,
      "requires": {
        "@pixi/display": "5.3.4"
      }
    },
    "@pixi/mixin-get-global-position": {
      "version": "5.3.4",
      "resolved": "https://registry.npmjs.org/@pixi/mixin-get-global-position/-/mixin-get-global-position-5.3.4.tgz",
      "integrity": "sha512-yv+huwUAOfyXDEHbQp6W5/3RjQpwG6AhpgMY4b3XBMtvrp9R/5Wgw/YC/nea9kZ3Gb2u4Aqeco8U+tPIRNjeIA==",
      "dev": true,
      "requires": {
        "@pixi/display": "5.3.4",
        "@pixi/math": "5.3.4"
      }
    },
    "@pixi/particles": {
      "version": "5.3.4",
      "resolved": "https://registry.npmjs.org/@pixi/particles/-/particles-5.3.4.tgz",
      "integrity": "sha512-sX0BGGbS7yCwlam1mC5awW2BjU7QFmZv82E8ON/r9aAZS6InT25zOpMdvy0ImIIqBvF0Z1Qz1IT6pKEBxqMo9Q==",
      "dev": true,
      "requires": {
        "@pixi/constants": "5.3.4",
        "@pixi/core": "5.3.4",
        "@pixi/display": "5.3.4",
        "@pixi/math": "5.3.4",
        "@pixi/utils": "5.3.4"
      }
    },
    "@pixi/polyfill": {
      "version": "5.3.4",
      "resolved": "https://registry.npmjs.org/@pixi/polyfill/-/polyfill-5.3.4.tgz",
      "integrity": "sha512-bxk8bhrfQ9Y2rU/L0ss2gIeXwmMlOciw+B5yVUDVLqzjE4y8Fm2619L4qu9v51Z9a+8JbyVE5c1eT7HJgx0g0w==",
      "dev": true,
      "requires": {
        "es6-promise-polyfill": "^1.2.0",
        "object-assign": "^4.1.1"
      }
    },
    "@pixi/prepare": {
      "version": "5.3.4",
      "resolved": "https://registry.npmjs.org/@pixi/prepare/-/prepare-5.3.4.tgz",
      "integrity": "sha512-MVMvNTrNYQidWXd4LSkgv+eqTzHtSViADA+Tvnemy9QMuWqbTfxFn4UMhrBjQIfG9+hwdIFS14pfFKt/BLHNrw==",
      "dev": true,
      "requires": {
        "@pixi/core": "5.3.4",
        "@pixi/display": "5.3.4",
        "@pixi/graphics": "5.3.4",
        "@pixi/settings": "5.3.4",
        "@pixi/text": "5.3.4",
        "@pixi/ticker": "5.3.4"
      }
    },
    "@pixi/runner": {
      "version": "5.3.4",
      "resolved": "https://registry.npmjs.org/@pixi/runner/-/runner-5.3.4.tgz",
      "integrity": "sha512-iPWHVhv2js+NhDQNmePkHfic8SilBT7H/pzRjMqHqvafTdl8Y+4g+hdQDalZJNr3Ixl77QPAYlOKhegBujn2mQ==",
      "dev": true
    },
    "@pixi/settings": {
      "version": "5.3.4",
      "resolved": "https://registry.npmjs.org/@pixi/settings/-/settings-5.3.4.tgz",
      "integrity": "sha512-Jqj1NLtYODCqK8ZKVccUBAaBDkn7SQ6b7N15FwxbiSgfbvwpynSKr6WQTxqMq29h42MKsic6BJcQrlGEbDNz5w==",
      "dev": true,
      "requires": {
        "ismobilejs": "^1.1.0"
      }
    },
    "@pixi/sprite": {
      "version": "5.3.4",
      "resolved": "https://registry.npmjs.org/@pixi/sprite/-/sprite-5.3.4.tgz",
      "integrity": "sha512-vO+GMJWnumnVzc2R7jGcLlUeIXIek+SDqVQyPDPJ5T8sWTgFhanHCrgpKfplZIu08X/zvIZQxPfd332R0waeog==",
      "dev": true,
      "requires": {
        "@pixi/constants": "5.3.4",
        "@pixi/core": "5.3.4",
        "@pixi/display": "5.3.4",
        "@pixi/math": "5.3.4",
        "@pixi/settings": "5.3.4",
        "@pixi/utils": "5.3.4"
      }
    },
    "@pixi/sprite-animated": {
      "version": "5.3.4",
      "resolved": "https://registry.npmjs.org/@pixi/sprite-animated/-/sprite-animated-5.3.4.tgz",
      "integrity": "sha512-HaTelbvm2xekw9b9GdYbupM2RZ/muRZvstkmSqMZhiIViZekzKPa5WQJwnqZzVBjCg735j09G8aF4H2NpNqF9g==",
      "dev": true,
      "requires": {
        "@pixi/core": "5.3.4",
        "@pixi/sprite": "5.3.4",
        "@pixi/ticker": "5.3.4"
      }
    },
    "@pixi/sprite-tiling": {
      "version": "5.3.4",
      "resolved": "https://registry.npmjs.org/@pixi/sprite-tiling/-/sprite-tiling-5.3.4.tgz",
      "integrity": "sha512-NMqpNuWEIic2n5EL/TrGmn1+bab4TwxcILnco4myvw9Sd/wLsaJx3XboegY7YCWCKhnl+Ax6cl8DMkk7OJkpJQ==",
      "dev": true,
      "requires": {
        "@pixi/constants": "5.3.4",
        "@pixi/core": "5.3.4",
        "@pixi/display": "5.3.4",
        "@pixi/math": "5.3.4",
        "@pixi/sprite": "5.3.4",
        "@pixi/utils": "5.3.4"
      }
    },
    "@pixi/spritesheet": {
      "version": "5.3.4",
      "resolved": "https://registry.npmjs.org/@pixi/spritesheet/-/spritesheet-5.3.4.tgz",
      "integrity": "sha512-gfCqOMD2XJHw1bMXxXbuYPnBbCBUvbzMN7Pw2po7U5R6bsk7WEoG7Hp3HjAPyPQvg36v2Db6dcz0//ZNNqm+EQ==",
      "dev": true,
      "requires": {
        "@pixi/core": "5.3.4",
        "@pixi/loaders": "5.3.4",
        "@pixi/math": "5.3.4",
        "@pixi/utils": "5.3.4"
      }
    },
    "@pixi/text": {
      "version": "5.3.4",
      "resolved": "https://registry.npmjs.org/@pixi/text/-/text-5.3.4.tgz",
      "integrity": "sha512-kmdK1KLrWY8PHGIIXKVRQmik3gWquiYz6DB0jqabi3j0gVp6h+CVDje01N6Nl75ZCQ/PjaWafzQvURypfX73ng==",
      "dev": true,
      "requires": {
        "@pixi/core": "5.3.4",
        "@pixi/math": "5.3.4",
        "@pixi/settings": "5.3.4",
        "@pixi/sprite": "5.3.4",
        "@pixi/utils": "5.3.4"
      }
    },
    "@pixi/text-bitmap": {
      "version": "5.3.4",
      "resolved": "https://registry.npmjs.org/@pixi/text-bitmap/-/text-bitmap-5.3.4.tgz",
      "integrity": "sha512-uNJOYvy3sn0S5Bp6H113ZAmaQm68ojCXSuOBJzIMEV2cUuYLngW+7DqKOsHMMhNmcONs/OBq57SRrzDcr8WYdw==",
      "dev": true,
      "requires": {
        "@pixi/core": "5.3.4",
        "@pixi/display": "5.3.4",
        "@pixi/loaders": "5.3.4",
        "@pixi/math": "5.3.4",
        "@pixi/mesh": "5.3.4",
        "@pixi/settings": "5.3.4",
        "@pixi/text": "5.3.4",
        "@pixi/utils": "5.3.4"
      }
    },
    "@pixi/ticker": {
      "version": "5.3.4",
      "resolved": "https://registry.npmjs.org/@pixi/ticker/-/ticker-5.3.4.tgz",
      "integrity": "sha512-PmCAstgyI6vLPXKZVFlo4Zornry21BwFiTOp1dBUW3sIMky9Wx2fajjyVHIridCY6yaazt6Xu37khZf5qRgASw==",
      "dev": true,
      "requires": {
        "@pixi/settings": "5.3.4"
      }
    },
    "@pixi/utils": {
      "version": "5.3.4",
      "resolved": "https://registry.npmjs.org/@pixi/utils/-/utils-5.3.4.tgz",
      "integrity": "sha512-HjUWFfAmPPKX0BSq20GWY//Vm+gC9O+wcn9sXMqOItCuf0DDFwxoBrUVaHNNnEVhM1Djpz/+YijCijmGdZeddA==",
      "dev": true,
      "requires": {
        "@pixi/constants": "5.3.4",
        "@pixi/settings": "5.3.4",
        "earcut": "^2.1.5",
        "eventemitter3": "^3.1.0",
        "url": "^0.11.0"
      }
    },
    "@types/howler": {
      "version": "2.2.1",
      "resolved": "https://registry.npmjs.org/@types/howler/-/howler-2.2.1.tgz",
      "integrity": "sha512-1MiSldngr+eAO4lDPtjzl4Nf2GmRh8VDHIpNBIkyd25L22JExVlI6w3fjSM7+FNc1e1WZAPNq7/flkw685byfg==",
      "dev": true
    },
    "@types/jquery": {
      "version": "3.5.1",
      "resolved": "https://registry.npmjs.org/@types/jquery/-/jquery-3.5.1.tgz",
      "integrity": "sha512-Tyctjh56U7eX2b9udu3wG853ASYP0uagChJcQJXLUXEU6C/JiW5qt5dl8ao01VRj1i5pgXPAf8f1mq4+FDLRQg==",
      "dev": true,
      "requires": {
        "@types/sizzle": "*"
      }
    },
    "@types/node": {
      "version": "14.14.37",
      "resolved": "https://registry.npmjs.org/@types/node/-/node-14.14.37.tgz",
      "integrity": "sha512-XYmBiy+ohOR4Lh5jE379fV2IU+6Jn4g5qASinhitfyO71b/sCo6MKsMLF5tc7Zf2CE8hViVQyYSobJNke8OvUw==",
      "dev": true
    },
    "@types/sizzle": {
      "version": "2.3.2",
      "resolved": "https://registry.npmjs.org/@types/sizzle/-/sizzle-2.3.2.tgz",
      "integrity": "sha512-7EJYyKTL7tFR8+gDbB6Wwz/arpGa0Mywk1TJbNzKzHtzbwVmY4HR9WqS5VV7dsBUKQmPNr192jHr/VpBluj/hg==",
      "dev": true
    },
    "@types/socket.io-client": {
      "version": "1.4.36",
      "resolved": "https://registry.npmjs.org/@types/socket.io-client/-/socket.io-client-1.4.36.tgz",
      "integrity": "sha512-ZJWjtFBeBy1kRSYpVbeGYTElf6BqPQUkXDlHHD4k/42byCN5Rh027f4yARHCink9sKAkbtGZXEAmR0ZCnc2/Ag==",
      "dev": true
    },
    "earcut": {
      "version": "2.2.2",
      "resolved": "https://registry.npmjs.org/earcut/-/earcut-2.2.2.tgz",
      "integrity": "sha512-eZoZPPJcUHnfRZ0PjLvx2qBordSiO8ofC3vt+qACLM95u+4DovnbYNpQtJh0DNsWj8RnxrQytD4WA8gj5cRIaQ==",
      "dev": true
    },
    "es6-promise-polyfill": {
      "version": "1.2.0",
      "resolved": "https://registry.npmjs.org/es6-promise-polyfill/-/es6-promise-polyfill-1.2.0.tgz",
      "integrity": "sha1-84kl8jyz4+jObNqP93T867sJDN4=",
      "dev": true
    },
    "eventemitter3": {
      "version": "3.1.2",
      "resolved": "https://registry.npmjs.org/eventemitter3/-/eventemitter3-3.1.2.tgz",
      "integrity": "sha512-tvtQIeLVHjDkJYnzf2dgVMxfuSGJeM/7UCG17TT4EumTfNtF+0nebF/4zWOIkCreAbtNqhGEboB6BWrwqNaw4Q==",
      "dev": true
    },
    "handlebars": {
      "version": "4.7.6",
      "resolved": "https://registry.npmjs.org/handlebars/-/handlebars-4.7.6.tgz",
      "integrity": "sha512-1f2BACcBfiwAfStCKZNrUCgqNZkGsAT7UM3kkYtXuLo0KnaVfjKOyf7PRzB6++aK9STyT1Pd2ZCPe3EGOXleXA==",
      "dev": true,
      "requires": {
        "minimist": "^1.2.5",
        "neo-async": "^2.6.0",
        "source-map": "^0.6.1",
        "uglify-js": "^3.1.4",
        "wordwrap": "^1.0.0"
      }
    },
    "ismobilejs": {
      "version": "1.1.1",
      "resolved": "https://registry.npmjs.org/ismobilejs/-/ismobilejs-1.1.1.tgz",
      "integrity": "sha512-VaFW53yt8QO61k2WJui0dHf4SlL8lxBofUuUmwBo0ljPk0Drz2TiuDW4jo3wDcv41qy/SxrJ+VAzJ/qYqsmzRw==",
      "dev": true
    },
    "mini-signals": {
      "version": "1.2.0",
      "resolved": "https://registry.npmjs.org/mini-signals/-/mini-signals-1.2.0.tgz",
      "integrity": "sha1-RbCAE8X65RokqhqTXNMXye1yHXQ=",
      "dev": true
    },
    "minimist": {
      "version": "1.2.5",
      "resolved": "https://registry.npmjs.org/minimist/-/minimist-1.2.5.tgz",
      "integrity": "sha512-FM9nNUYrRBAELZQT3xeZQ7fmMOBg6nWNmJKTcgsJeaLstP/UODVpGsr5OhXhhXg6f+qtJ8uiZ+PUxkDWcgIXLw==",
      "dev": true
    },
    "neo-async": {
      "version": "2.6.2",
      "resolved": "https://registry.npmjs.org/neo-async/-/neo-async-2.6.2.tgz",
      "integrity": "sha512-Yd3UES5mWCSqR+qNT93S3UoYUkqAZ9lLg8a7g9rimsWmYGK8cVToA4/sF3RrshdyV3sAGMXVUmpMYOw+dLpOuw==",
      "dev": true
    },
    "object-assign": {
      "version": "4.1.1",
      "resolved": "https://registry.npmjs.org/object-assign/-/object-assign-4.1.1.tgz",
      "integrity": "sha1-IQmtx5ZYh8/AXLvUQsrIv7s2CGM=",
      "dev": true
    },
    "parse-uri": {
      "version": "1.0.3",
      "resolved": "https://registry.npmjs.org/parse-uri/-/parse-uri-1.0.3.tgz",
      "integrity": "sha512-upMnGxNcm+45So85HoguwZTVZI9u11i36DdxJfGF2HYWS2eh3TIx7+/tTi7qrEq15qzGkVhsKjesau+kCk48pA==",
      "dev": true
    },
    "pixi-particles": {
      "version": "4.3.0",
      "resolved": "https://registry.npmjs.org/pixi-particles/-/pixi-particles-4.3.0.tgz",
      "integrity": "sha512-3G66vSFMbp+LnD3P6SYIxOo3f1X3yxkPbP1Tr2o+o18ZkkT6mePpCvsPUrM8s+xCW7oK816/wDYZXMtKzJ61CQ==",
      "dev": true,
      "requires": {}
    },
    "pixi.js": {
      "version": "5.3.4",
      "resolved": "https://registry.npmjs.org/pixi.js/-/pixi.js-5.3.4.tgz",
      "integrity": "sha512-CrAaQQRw+iTA75IEu57CEk6stFs587iWE3HwQG0rZL2ESW2uJvdsF/ieeS/hFk35QmlEsPRqmH1sf7t7FGtsyw==",
      "dev": true,
      "requires": {
        "@pixi/accessibility": "5.3.4",
        "@pixi/app": "5.3.4",
        "@pixi/constants": "5.3.4",
        "@pixi/core": "5.3.4",
        "@pixi/display": "5.3.4",
        "@pixi/extract": "5.3.4",
        "@pixi/filter-alpha": "5.3.4",
        "@pixi/filter-blur": "5.3.4",
        "@pixi/filter-color-matrix": "5.3.4",
        "@pixi/filter-displacement": "5.3.4",
        "@pixi/filter-fxaa": "5.3.4",
        "@pixi/filter-noise": "5.3.4",
        "@pixi/graphics": "5.3.4",
        "@pixi/interaction": "5.3.4",
        "@pixi/loaders": "5.3.4",
        "@pixi/math": "5.3.4",
        "@pixi/mesh": "5.3.4",
        "@pixi/mesh-extras": "5.3.4",
        "@pixi/mixin-cache-as-bitmap": "5.3.4",
        "@pixi/mixin-get-child-by-name": "5.3.4",
        "@pixi/mixin-get-global-position": "5.3.4",
        "@pixi/particles": "5.3.4",
        "@pixi/polyfill": "5.3.4",
        "@pixi/prepare": "5.3.4",
        "@pixi/runner": "5.3.4",
        "@pixi/settings": "5.3.4",
        "@pixi/sprite": "5.3.4",
        "@pixi/sprite-animated": "5.3.4",
        "@pixi/sprite-tiling": "5.3.4",
        "@pixi/spritesheet": "5.3.4",
        "@pixi/text": "5.3.4",
        "@pixi/text-bitmap": "5.3.4",
        "@pixi/ticker": "5.3.4",
        "@pixi/utils": "5.3.4"
      }
    },
    "punycode": {
      "version": "1.3.2",
      "resolved": "https://registry.npmjs.org/punycode/-/punycode-1.3.2.tgz",
      "integrity": "sha1-llOgNvt8HuQjQvIyXM7v6jkmxI0=",
      "dev": true
    },
    "querystring": {
      "version": "0.2.0",
      "resolved": "https://registry.npmjs.org/querystring/-/querystring-0.2.0.tgz",
      "integrity": "sha1-sgmEkgO7Jd+CDadW50cAWHhSFiA=",
      "dev": true
    },
    "resource-loader": {
      "version": "3.0.1",
      "resolved": "https://registry.npmjs.org/resource-loader/-/resource-loader-3.0.1.tgz",
      "integrity": "sha512-fBuCRbEHdLCI1eglzQhUv9Rrdcmqkydr1r6uHE2cYHvRBrcLXeSmbE/qI/urFt8rPr/IGxir3BUwM5kUK8XoyA==",
      "dev": true,
      "requires": {
        "mini-signals": "^1.2.0",
        "parse-uri": "^1.0.0"
      }
    },
    "source-map": {
      "version": "0.6.1",
      "resolved": "https://registry.npmjs.org/source-map/-/source-map-0.6.1.tgz",
      "integrity": "sha512-UjgapumWlbMhkBgzT7Ykc5YXUT46F0iKu8SGXq0bcwP5dz/h0Plj6enJqjz1Zbq2l5WaqYnrVbwWOWMyF3F47g==",
      "dev": true
    },
    "tinymce": {
      "version": "5.6.2",
      "resolved": "https://registry.npmjs.org/tinymce/-/tinymce-5.6.2.tgz",
      "integrity": "sha512-z7zvM5seOPiW86/vqf08kStwW5Zs5U9oQfuqh2rTj4jEcT2QzxT0v72i2zw3W6rbTLldkAej6edFZphj5ee5zg==",
      "dev": true
    },
    "typescript": {
      "version": "4.2.4",
      "resolved": "https://registry.npmjs.org/typescript/-/typescript-4.2.4.tgz",
      "integrity": "sha512-V+evlYHZnQkaz8TRBuxTA92yZBPotr5H+WhQ7bD3hZUndx5tGOa1fuCgeSjxAzM1RiN5IzvadIXTVefuuwZCRg==",
      "dev": true
    },
    "uglify-js": {
      "version": "3.13.3",
      "resolved": "https://registry.npmjs.org/uglify-js/-/uglify-js-3.13.3.tgz",
      "integrity": "sha512-otIc7O9LyxpUcQoXzj2hL4LPWKklO6LJWoJUzNa8A17Xgi4fOeDC8FBDOLHnC/Slo1CQgsZMcM6as0M76BZaig==",
      "dev": true,
      "optional": true
    },
    "url": {
      "version": "0.11.0",
      "resolved": "https://registry.npmjs.org/url/-/url-0.11.0.tgz",
      "integrity": "sha1-ODjpfPxgUh63PFJajlW/3Z4uKPE=",
      "dev": true,
      "requires": {
        "punycode": "1.3.2",
        "querystring": "0.2.0"
      }
    },
    "wordwrap": {
      "version": "1.0.0",
      "resolved": "https://registry.npmjs.org/wordwrap/-/wordwrap-1.0.0.tgz",
      "integrity": "sha1-J1hIEIkUVqQXHI0CJkQa3pDLyus=",
      "dev": true
    }
  }
}
